
Microsoft Visual Studio Solution File, Format Version 12.00
# Visual Studio 2013
VisualStudioVersion = 12.0.30501.0
MinimumVisualStudioVersion = 10.0.40219.1
Project("{8BC9CEB8-8B4A-11D0-8D11-00A0C91BC942}") = "Jopnal", "Jopnal\Jopnal.vcxproj", "{9142D34F-FCC5-429B-8121-A302B00E6D27}"
	ProjectSection(ProjectDependencies) = postProject
		{071B6DBF-2422-42C5-AA5B-A92129AF838A} = {071B6DBF-2422-42C5-AA5B-A92129AF838A}
		{05E2B2F8-17E8-4A01-8396-27CE1B84720E} = {05E2B2F8-17E8-4A01-8396-27CE1B84720E}
	EndProjectSection
EndProject
Project("{8BC9CEB8-8B4A-11D0-8D11-00A0C91BC942}") = "Jopnal Engine", "..\..\..\GitHub\Jopnal\project\Jopnal Engine.vcxproj", "{05E2B2F8-17E8-4A01-8396-27CE1B84720E}"
	ProjectSection(ProjectDependencies) = postProject
		{071B6DBF-2422-42C5-AA5B-A92129AF838A} = {071B6DBF-2422-42C5-AA5B-A92129AF838A}
	EndProjectSection
EndProject
Project("{8BC9CEB8-8B4A-11D0-8D11-00A0C91BC942}") = "Jopnal Resources", "..\..\..\GitHub\Jopnal\project\Jopnal Resources.vcxproj", "{071B6DBF-2422-42C5-AA5B-A92129AF838A}"
EndProject
Global
	GlobalSection(SolutionConfigurationPlatforms) = preSolution
		Debug|Win32 = Debug|Win32
		Release|Win32 = Release|Win32
	EndGlobalSection
	GlobalSection(ProjectConfigurationPlatforms) = postSolution
		{9142D34F-FCC5-429B-8121-A302B00E6D27}.Debug|Win32.ActiveCfg = Debug|Win32
		{9142D34F-FCC5-429B-8121-A302B00E6D27}.Debug|Win32.Build.0 = Debug|Win32
		{9142D34F-FCC5-429B-8121-A302B00E6D27}.Release|Win32.ActiveCfg = Release|Win32
		{9142D34F-FCC5-429B-8121-A302B00E6D27}.Release|Win32.Build.0 = Release|Win32
		{05E2B2F8-17E8-4A01-8396-27CE1B84720E}.Debug|Win32.ActiveCfg = Debug|Win32
		{05E2B2F8-17E8-4A01-8396-27CE1B84720E}.Debug|Win32.Build.0 = Debug|Win32
		{05E2B2F8-17E8-4A01-8396-27CE1B84720E}.Release|Win32.ActiveCfg = Release|Win32
		{05E2B2F8-17E8-4A01-8396-27CE1B84720E}.Release|Win32.Build.0 = Release|Win32
		{071B6DBF-2422-42C5-AA5B-A92129AF838A}.Debug|Win32.ActiveCfg = Debug|Win32
		{071B6DBF-2422-42C5-AA5B-A92129AF838A}.Debug|Win32.Build.0 = Debug|Win32
		{071B6DBF-2422-42C5-AA5B-A92129AF838A}.Release|Win32.ActiveCfg = Release|Win32
		{071B6DBF-2422-42C5-AA5B-A92129AF838A}.Release|Win32.Build.0 = Release|Win32
	EndGlobalSection
	GlobalSection(SolutionProperties) = preSolution
		HideSolutionNode = FALSE
	EndGlobalSection
EndGlobal
